
Microsoft Visual Studio Solution File, Format Version 12.00
# Visual Studio Version 17
VisualStudioVersion = 17.9.34728.123
MinimumVisualStudioVersion = 10.0.40219.1
Project("{9A19103F-16F7-4668-BE54-9A1E7A4F7556}") = "CinemaCity", "CinemaCity\CinemaCity.csproj", "{312ECEB9-83E0-4FAA-86B7-265CF719450B}"
EndProject
Project("{2150E333-8FDC-42A3-9474-1A3956D46DE8}") = "Data", "Data", "{1336391B-0F77-4DA6-80B9-71599A6D36BB}"
EndProject
Project("{9A19103F-16F7-4668-BE54-9A1E7A4F7556}") = "CinemaCity.Data", "CinemaCity.Data\CinemaCity.Data.csproj", "{A5A4C56B-0EEF-4CA3-BC1A-9E98B5ABE77B}"
EndProject
Project("{9A19103F-16F7-4668-BE54-9A1E7A4F7556}") = "CinemaCity.Data.Models", "CinemaCity.Data.Models\CinemaCity.Data.Models.csproj", "{C2209F91-1867-4355-9946-3A7E5208AA1C}"
EndProject
Project("{9A19103F-16F7-4668-BE54-9A1E7A4F7556}") = "CinemaCity.Common", "CinemaCity.Common\CinemaCity.Common.csproj", "{E9A6F2F9-AF51-40F4-845F-7C4E6D84B001}"
EndProject
Project("{2150E333-8FDC-42A3-9474-1A3956D46DE8}") = "Services", "Services", "{35D14011-535C-4C30-868B-9432611F56A8}"
EndProject
Global
	GlobalSection(SolutionConfigurationPlatforms) = preSolution
		Debug|Any CPU = Debug|Any CPU
		Release|Any CPU = Release|Any CPU
	EndGlobalSection
	GlobalSection(ProjectConfigurationPlatforms) = postSolution
		{312ECEB9-83E0-4FAA-86B7-265CF719450B}.Debug|Any CPU.ActiveCfg = Debug|Any CPU
		{312ECEB9-83E0-4FAA-86B7-265CF719450B}.Debug|Any CPU.Build.0 = Debug|Any CPU
		{312ECEB9-83E0-4FAA-86B7-265CF719450B}.Release|Any CPU.ActiveCfg = Release|Any CPU
		{312ECEB9-83E0-4FAA-86B7-265CF719450B}.Release|Any CPU.Build.0 = Release|Any CPU
		{A5A4C56B-0EEF-4CA3-BC1A-9E98B5ABE77B}.Debug|Any CPU.ActiveCfg = Debug|Any CPU
		{A5A4C56B-0EEF-4CA3-BC1A-9E98B5ABE77B}.Debug|Any CPU.Build.0 = Debug|Any CPU
		{A5A4C56B-0EEF-4CA3-BC1A-9E98B5ABE77B}.Release|Any CPU.ActiveCfg = Release|Any CPU
		{A5A4C56B-0EEF-4CA3-BC1A-9E98B5ABE77B}.Release|Any CPU.Build.0 = Release|Any CPU
		{C2209F91-1867-4355-9946-3A7E5208AA1C}.Debug|Any CPU.ActiveCfg = Debug|Any CPU
		{C2209F91-1867-4355-9946-3A7E5208AA1C}.Debug|Any CPU.Build.0 = Debug|Any CPU
		{C2209F91-1867-4355-9946-3A7E5208AA1C}.Release|Any CPU.ActiveCfg = Release|Any CPU
		{C2209F91-1867-4355-9946-3A7E5208AA1C}.Release|Any CPU.Build.0 = Release|Any CPU
		{E9A6F2F9-AF51-40F4-845F-7C4E6D84B001}.Debug|Any CPU.ActiveCfg = Debug|Any CPU
		{E9A6F2F9-AF51-40F4-845F-7C4E6D84B001}.Debug|Any CPU.Build.0 = Debug|Any CPU
		{E9A6F2F9-AF51-40F4-845F-7C4E6D84B001}.Release|Any CPU.ActiveCfg = Release|Any CPU
		{E9A6F2F9-AF51-40F4-845F-7C4E6D84B001}.Release|Any CPU.Build.0 = Release|Any CPU
	EndGlobalSection
	GlobalSection(SolutionProperties) = preSolution
		HideSolutionNode = FALSE
	EndGlobalSection
	GlobalSection(NestedProjects) = preSolution
		{A5A4C56B-0EEF-4CA3-BC1A-9E98B5ABE77B} = {1336391B-0F77-4DA6-80B9-71599A6D36BB}
		{C2209F91-1867-4355-9946-3A7E5208AA1C} = {1336391B-0F77-4DA6-80B9-71599A6D36BB}
	EndGlobalSection
	GlobalSection(ExtensibilityGlobals) = postSolution
		SolutionGuid = {B47F6C28-1C1B-4EB6-9356-943DEA3E4930}
	EndGlobalSection
EndGlobal
